
Microsoft Visual Studio Solution File, Format Version 12.00
# Visual Studio Version 17
VisualStudioVersion = 17.0.31903.59
MinimumVisualStudioVersion = 10.0.40219.1
Project("{9A19103F-16F7-4668-BE54-9A1E7A4F7556}") = "Edi.ImageWatermark", "Edi.ImageWatermark\Edi.ImageWatermark.csproj", "{7492BE7B-BBE7-4ED4-8ED0-77410F84B0BA}"
EndProject
Project("{2150E333-8FDC-42A3-9474-1A3956D46DE8}") = "Solution Items", "Solution Items", "{959470A9-8FD7-4F33-BF95-7782F11EA604}"
	ProjectSection(SolutionItems) = preProject
		..\.gitattributes = ..\.gitattributes
		..\.gitignore = ..\.gitignore
		..\.github\workflows\dotnet.yml = ..\.github\workflows\dotnet.yml
		..\LICENSE = ..\LICENSE
		..\README.md = ..\README.md
	EndProjectSection
EndProject
Global
	GlobalSection(SolutionConfigurationPlatforms) = preSolution
		Debug|Any CPU = Debug|Any CPU
		Release|Any CPU = Release|Any CPU
	EndGlobalSection
	GlobalSection(ProjectConfigurationPlatforms) = postSolution
		{7492BE7B-BBE7-4ED4-8ED0-77410F84B0BA}.Debug|Any CPU.ActiveCfg = Debug|Any CPU
		{7492BE7B-BBE7-4ED4-8ED0-77410F84B0BA}.Debug|Any CPU.Build.0 = Debug|Any CPU
		{7492BE7B-BBE7-4ED4-8ED0-77410F84B0BA}.Release|Any CPU.ActiveCfg = Release|Any CPU
		{7492BE7B-BBE7-4ED4-8ED0-77410F84B0BA}.Release|Any CPU.Build.0 = Release|Any CPU
	EndGlobalSection
	GlobalSection(SolutionProperties) = preSolution
		HideSolutionNode = FALSE
	EndGlobalSection
	GlobalSection(ExtensibilityGlobals) = postSolution
		SolutionGuid = {D4EE29B5-49F1-4E02-A0AA-D54CC1D1A564}
	EndGlobalSection
EndGlobal
